
Microsoft Visual Studio Solution File, Format Version 12.00
# Visual Studio Version 17
VisualStudioVersion = 17.8.34511.84
MinimumVisualStudioVersion = 10.0.40219.1
Project("{FAE04EC0-301F-11D3-BF4B-00C04F79EFBC}") = "Kanban_location", "Kanban_location\Kanban_location.csproj", "{A1072F16-C15A-46B9-9656-88D179EDCC61}"
EndProject
Global
	GlobalSection(SolutionConfigurationPlatforms) = preSolution
		Debug|Any CPU = Debug|Any CPU
		Release|Any CPU = Release|Any CPU
	EndGlobalSection
	GlobalSection(ProjectConfigurationPlatforms) = postSolution
		{A1072F16-C15A-46B9-9656-88D179EDCC61}.Debug|Any CPU.ActiveCfg = Debug|Any CPU
		{A1072F16-C15A-46B9-9656-88D179EDCC61}.Debug|Any CPU.Build.0 = Debug|Any CPU
		{A1072F16-C15A-46B9-9656-88D179EDCC61}.Release|Any CPU.ActiveCfg = Release|Any CPU
		{A1072F16-C15A-46B9-9656-88D179EDCC61}.Release|Any CPU.Build.0 = Release|Any CPU
	EndGlobalSection
	GlobalSection(SolutionProperties) = preSolution
		HideSolutionNode = FALSE
	EndGlobalSection
	GlobalSection(ExtensibilityGlobals) = postSolution
		SolutionGuid = {D81C0B3D-D0ED-4153-85D5-95AE0D5CEEF2}
	EndGlobalSection
EndGlobal
